
Microsoft Visual Studio Solution File, Format Version 12.00
# Visual Studio 15
VisualStudioVersion = 15.0.27428.2027
MinimumVisualStudioVersion = 10.0.40219.1
Project("{FAE04EC0-301F-11D3-BF4B-00C04F79EFBC}") = "IdentityApplication", "IdentityApplication\IdentityApplication.csproj", "{AAB7948B-0DAD-4403-B457-7816D09E3ED6}"
EndProject
Global
	GlobalSection(SolutionConfigurationPlatforms) = preSolution
		Debug|Any CPU = Debug|Any CPU
		Release|Any CPU = Release|Any CPU
	EndGlobalSection
	GlobalSection(ProjectConfigurationPlatforms) = postSolution
		{AAB7948B-0DAD-4403-B457-7816D09E3ED6}.Debug|Any CPU.ActiveCfg = Debug|Any CPU
		{AAB7948B-0DAD-4403-B457-7816D09E3ED6}.Debug|Any CPU.Build.0 = Debug|Any CPU
		{AAB7948B-0DAD-4403-B457-7816D09E3ED6}.Release|Any CPU.ActiveCfg = Release|Any CPU
		{AAB7948B-0DAD-4403-B457-7816D09E3ED6}.Release|Any CPU.Build.0 = Release|Any CPU
	EndGlobalSection
	GlobalSection(SolutionProperties) = preSolution
		HideSolutionNode = FALSE
	EndGlobalSection
	GlobalSection(ExtensibilityGlobals) = postSolution
		SolutionGuid = {F5C0A881-AC15-4666-8B68-19441AA236B5}
	EndGlobalSection
EndGlobal
